{
  "version": 4,
  "terraform_version": "1.6.3",
  "serial": 112,
  "lineage": "ef88f91f-a816-6936-938c-08455bc9d0ba",
  "outputs": {
    "virtual_network_id": {
      "value": "/subscriptions/effb83b7-cd87-4360-b745-7eb4100647d0/resourceGroups/devOps-dev-rg-xutxocip/providers/Microsoft.Network/virtualNetworks/devOps-dev-vnet",
      "type": "string"
    },
    "virtual_network_name": {
      "value": "devOps-dev-vnet",
      "type": "string"
    },
    "web_lb_frontend_ip_configuration": {
      "value": [
        [
          {
            "gateway_load_balancer_frontend_ip_configuration_id": "",
            "id": "/subscriptions/effb83b7-cd87-4360-b745-7eb4100647d0/resourceGroups/devOps-dev-rg-xutxocip/providers/Microsoft.Network/loadBalancers/devOps-dev-web-lb/frontendIPConfigurations/web_lb_public_ip-1",
            "inbound_nat_rules": [],
            "load_balancer_rules": [],
            "name": "web_lb_public_ip-1",
            "outbound_rules": [],
            "private_ip_address": "",
            "private_ip_address_allocation": "Dynamic",
            "private_ip_address_version": "",
            "public_ip_address_id": "/subscriptions/effb83b7-cd87-4360-b745-7eb4100647d0/resourceGroups/devOps-dev-rg-xutxocip/providers/Microsoft.Network/publicIPAddresses/devOps-dev-lbpublicip",
            "public_ip_prefix_id": "",
            "subnet_id": "",
            "zones": null
          }
        ]
      ],
      "type": [
        "tuple",
        [
          [
            "list",
            [
              "object",
              {
                "gateway_load_balancer_frontend_ip_configuration_id": "string",
                "id": "string",
                "inbound_nat_rules": [
                  "set",
                  "string"
                ],
                "load_balancer_rules": [
                  "set",
                  "string"
                ],
                "name": "string",
                "outbound_rules": [
                  "set",
                  "string"
                ],
                "private_ip_address": "string",
                "private_ip_address_allocation": "string",
                "private_ip_address_version": "string",
                "public_ip_address_id": "string",
                "public_ip_prefix_id": "string",
                "subnet_id": "string",
                "zones": [
                  "set",
                  "string"
                ]
              }
            ]
          ]
        ]
      ]
    },
    "web_lb_id": {
      "value": "/subscriptions/effb83b7-cd87-4360-b745-7eb4100647d0/resourceGroups/devOps-dev-rg-xutxocip/providers/Microsoft.Network/loadBalancers/devOps-dev-web-lb",
      "type": "string"
    },
    "web_lb_public_ip_address": {
      "value": "20.235.101.30",
      "type": "string"
    },
    "web_subnet_id": {
      "value": "/subscriptions/effb83b7-cd87-4360-b745-7eb4100647d0/resourceGroups/devOps-dev-rg-xutxocip/providers/Microsoft.Network/virtualNetworks/devOps-dev-vnet/subnets/devOps-dev-vnet-webSubnet",
      "type": "string"
    },
    "web_subnet_name": {
      "value": "devOps-dev-vnet-webSubnet",
      "type": "string"
    },
    "web_subnet_nsg_id": {
      "value": "/subscriptions/effb83b7-cd87-4360-b745-7eb4100647d0/resourceGroups/devOps-dev-rg-xutxocip/providers/Microsoft.Network/networkSecurityGroups/devOps-dev-vnet-webSubnet-nsg",
      "type": "string"
    },
    "web_subnet_nsg_name": {
      "value": "devOps-dev-vnet-webSubnet-nsg",
      "type": "string"
    },
    "web_vmss_id": {
      "value": "/subscriptions/effb83b7-cd87-4360-b745-7eb4100647d0/resourceGroups/devOps-dev-rg-xutxocip/providers/Microsoft.Compute/virtualMachineScaleSets/devOps-dev-web-vmss",
      "type": "string"
    }
  },
  "resources": [
    {
      "mode": "managed",
      "type": "azurerm_lb",
      "name": "web_lb",
      "provider": "provider[\"registry.terraform.io/hashicorp/azurerm\"]",
      "instances": [
        {
          "schema_version": 0,
          "attributes": {
            "edge_zone": "",
            "frontend_ip_configuration": [
              {
                "gateway_load_balancer_frontend_ip_configuration_id": "",
                "id": "/subscriptions/effb83b7-cd87-4360-b745-7eb4100647d0/resourceGroups/devOps-dev-rg-xutxocip/providers/Microsoft.Network/loadBalancers/devOps-dev-web-lb/frontendIPConfigurations/web_lb_public_ip-1",
                "inbound_nat_rules": [],
                "load_balancer_rules": [],
                "name": "web_lb_public_ip-1",
                "outbound_rules": [],
                "private_ip_address": "",
                "private_ip_address_allocation": "Dynamic",
                "private_ip_address_version": "",
                "public_ip_address_id": "/subscriptions/effb83b7-cd87-4360-b745-7eb4100647d0/resourceGroups/devOps-dev-rg-xutxocip/providers/Microsoft.Network/publicIPAddresses/devOps-dev-lbpublicip",
                "public_ip_prefix_id": "",
                "subnet_id": "",
                "zones": null
              }
            ],
            "id": "/subscriptions/effb83b7-cd87-4360-b745-7eb4100647d0/resourceGroups/devOps-dev-rg-xutxocip/providers/Microsoft.Network/loadBalancers/devOps-dev-web-lb",
            "location": "centralindia",
            "name": "devOps-dev-web-lb",
            "private_ip_address": "",
            "private_ip_addresses": [],
            "resource_group_name": "devOps-dev-rg-xutxocip",
            "sku": "Standard",
            "sku_tier": "Regional",
            "tags": null,
            "timeouts": null
          },
          "sensitive_attributes": [],
          "private": "eyJlMmJmYjczMC1lY2FhLTExZTYtOGY4OC0zNDM2M2JjN2M0YzAiOnsiY3JlYXRlIjoxODAwMDAwMDAwMDAwLCJkZWxldGUiOjE4MDAwMDAwMDAwMDAsInJlYWQiOjMwMDAwMDAwMDAwMCwidXBkYXRlIjoxODAwMDAwMDAwMDAwfX0=",
          "dependencies": [
            "azurerm_public_ip.web_lbpublicip",
            "azurerm_resource_group.rg",
            "random_string.myrandom"
          ]
        }
      ]
    },
    {
      "mode": "managed",
      "type": "azurerm_lb_backend_address_pool",
      "name": "web_lb_backend_address_pool",
      "provider": "provider[\"registry.terraform.io/hashicorp/azurerm\"]",
      "instances": [
        {
          "schema_version": 0,
          "attributes": {
            "backend_ip_configurations": [],
            "id": "/subscriptions/effb83b7-cd87-4360-b745-7eb4100647d0/resourceGroups/devOps-dev-rg-xutxocip/providers/Microsoft.Network/loadBalancers/devOps-dev-web-lb/backendAddressPools/web-backend-1",
            "inbound_nat_rules": [],
            "load_balancing_rules": [],
            "loadbalancer_id": "/subscriptions/effb83b7-cd87-4360-b745-7eb4100647d0/resourceGroups/devOps-dev-rg-xutxocip/providers/Microsoft.Network/loadBalancers/devOps-dev-web-lb",
            "name": "web-backend-1",
            "outbound_rules": [],
            "timeouts": null,
            "tunnel_interface": [],
            "virtual_network_id": ""
          },
          "sensitive_attributes": [],
          "private": "eyJlMmJmYjczMC1lY2FhLTExZTYtOGY4OC0zNDM2M2JjN2M0YzAiOnsiY3JlYXRlIjoxODAwMDAwMDAwMDAwLCJkZWxldGUiOjE4MDAwMDAwMDAwMDAsInJlYWQiOjMwMDAwMDAwMDAwMCwidXBkYXRlIjoxODAwMDAwMDAwMDAwfX0=",
          "dependencies": [
            "azurerm_lb.web_lb",
            "azurerm_public_ip.web_lbpublicip",
            "azurerm_resource_group.rg",
            "random_string.myrandom"
          ]
        }
      ]
    },
    {
      "mode": "managed",
      "type": "azurerm_lb_probe",
      "name": "web_lb_probe",
      "provider": "provider[\"registry.terraform.io/hashicorp/azurerm\"]",
      "instances": [
        {
          "schema_version": 0,
          "attributes": {
            "id": "/subscriptions/effb83b7-cd87-4360-b745-7eb4100647d0/resourceGroups/devOps-dev-rg-xutxocip/providers/Microsoft.Network/loadBalancers/devOps-dev-web-lb/probes/web-lb-probe",
            "interval_in_seconds": 15,
            "load_balancer_rules": [],
            "loadbalancer_id": "/subscriptions/effb83b7-cd87-4360-b745-7eb4100647d0/resourceGroups/devOps-dev-rg-xutxocip/providers/Microsoft.Network/loadBalancers/devOps-dev-web-lb",
            "name": "web-lb-probe",
            "number_of_probes": 2,
            "port": 80,
            "probe_threshold": 1,
            "protocol": "Tcp",
            "request_path": "",
            "timeouts": null
          },
          "sensitive_attributes": [],
          "private": "eyJlMmJmYjczMC1lY2FhLTExZTYtOGY4OC0zNDM2M2JjN2M0YzAiOnsiY3JlYXRlIjoxODAwMDAwMDAwMDAwLCJkZWxldGUiOjE4MDAwMDAwMDAwMDAsInJlYWQiOjMwMDAwMDAwMDAwMCwidXBkYXRlIjoxODAwMDAwMDAwMDAwfX0=",
          "dependencies": [
            "azurerm_lb.web_lb",
            "azurerm_public_ip.web_lbpublicip",
            "azurerm_resource_group.rg",
            "random_string.myrandom"
          ]
        }
      ]
    },
    {
      "mode": "managed",
      "type": "azurerm_lb_rule",
      "name": "web_lb_rule_app1",
      "provider": "provider[\"registry.terraform.io/hashicorp/azurerm\"]",
      "instances": [
        {
          "schema_version": 0,
          "attributes": {
            "backend_address_pool_ids": [
              "/subscriptions/effb83b7-cd87-4360-b745-7eb4100647d0/resourceGroups/devOps-dev-rg-xutxocip/providers/Microsoft.Network/loadBalancers/devOps-dev-web-lb/backendAddressPools/web-backend-1"
            ],
            "backend_port": 80,
            "disable_outbound_snat": false,
            "enable_floating_ip": false,
            "enable_tcp_reset": false,
            "frontend_ip_configuration_id": "/subscriptions/effb83b7-cd87-4360-b745-7eb4100647d0/resourceGroups/devOps-dev-rg-xutxocip/providers/Microsoft.Network/loadBalancers/devOps-dev-web-lb/frontendIPConfigurations/web_lb_public_ip-1",
            "frontend_ip_configuration_name": "web_lb_public_ip-1",
            "frontend_port": 80,
            "id": "/subscriptions/effb83b7-cd87-4360-b745-7eb4100647d0/resourceGroups/devOps-dev-rg-xutxocip/providers/Microsoft.Network/loadBalancers/devOps-dev-web-lb/loadBalancingRules/web-lb-rule-app1",
            "idle_timeout_in_minutes": 4,
            "load_distribution": "Default",
            "loadbalancer_id": "/subscriptions/effb83b7-cd87-4360-b745-7eb4100647d0/resourceGroups/devOps-dev-rg-xutxocip/providers/Microsoft.Network/loadBalancers/devOps-dev-web-lb",
            "name": "web-lb-rule-app1",
            "probe_id": "/subscriptions/effb83b7-cd87-4360-b745-7eb4100647d0/resourceGroups/devOps-dev-rg-xutxocip/providers/Microsoft.Network/loadBalancers/devOps-dev-web-lb/probes/web-lb-probe",
            "protocol": "Tcp",
            "timeouts": null
          },
          "sensitive_attributes": [],
          "private": "eyJlMmJmYjczMC1lY2FhLTExZTYtOGY4OC0zNDM2M2JjN2M0YzAiOnsiY3JlYXRlIjoxODAwMDAwMDAwMDAwLCJkZWxldGUiOjE4MDAwMDAwMDAwMDAsInJlYWQiOjMwMDAwMDAwMDAwMCwidXBkYXRlIjoxODAwMDAwMDAwMDAwfX0=",
          "dependencies": [
            "azurerm_lb.web_lb",
            "azurerm_lb_backend_address_pool.web_lb_backend_address_pool",
            "azurerm_lb_probe.web_lb_probe",
            "azurerm_public_ip.web_lbpublicip",
            "azurerm_resource_group.rg",
            "random_string.myrandom"
          ]
        }
      ]
    },
    {
      "mode": "managed",
      "type": "azurerm_linux_virtual_machine_scale_set",
      "name": "web_vmss",
      "provider": "provider[\"registry.terraform.io/hashicorp/azurerm\"]",
      "instances": [
        {
          "schema_version": 0,
          "attributes": {
            "additional_capabilities": [],
            "admin_password": null,
            "admin_ssh_key": [
              {
                "public_key": "ssh-rsa AAAAB3NzaC1yc2EAAAADAQABAAABgQC02ttqKA+ZKvB4WLn3GQD42mOFVe5yDlM+MOkNpVl5rHf7eaALmFwD30BV+L1SATXLy77GH9VpLQS8GdUKG6tQF5B46lM0akePuGBWXqW8kIdARHCS/tUwsLXQ5u6oZYVx4VfkpL5mWOHQN/XVc/PyNwdnKIJiGvLIsrP93IYesXCpPEp2OjK40YLA8r0lQSnDfcJ5MknHHN9izPi+O7EKSsLyrWyeNlviwGoknZaK4H/XJHJa0s0W/7Hp8epTNKXfZKEYTiXqRo57B21q4tBDS1yVH3TskAq73vS1nTnqngwW4z3abWKLjPhCQEMOvnovdKabfGYtuHMbail5lLMlaGr0n+w7AnW1hxbVAAAPfuppmHHBdfpM1zhG1sj5CU6IGbtMd8QV7JRBYHevjXTkMbSyg7T81phkmG30OvyneHjxjcNq+PY3H0HUl/DFVdubV5bkP9suphpOa7OqJM5CsidanbskiJtwsQBnh5XNluyWQzDm+1ya4KjS/glLtG0= prajjawal@INL-7NR43G3\r\n",
                "username": "azureuser"
              }
            ],
            "admin_username": "azureuser",
            "automatic_instance_repair": [
              {
                "enabled": false,
                "grace_period": "PT30M"
              }
            ],
            "automatic_os_upgrade_policy": [],
            "boot_diagnostics": [],
            "capacity_reservation_group_id": "",
            "computer_name_prefix": "vmss-app1",
            "custom_data": "IyEvYmluL3NoDQojc3VkbyB5dW0gdXBkYXRlIC15DQpzdWRvIHl1bSBpbnN0YWxsIC15IGh0dHBkDQpzdWRvIHN5c3RlbWN0bCBlbmFibGUgaHR0cGQNCnN1ZG8gc3lzdGVtY3RsIHN0YXJ0IGh0dHBkDQpzdWRvIHN5c3RlbWN0bCBzdG9wIGZpcmV3YWxsZA0Kc3VkbyBzeXN0ZW1jdGwgZGlzYWJsZSBmaXJld2FsbGQNCnN1ZG8gY2htb2QgLVIgNzc3IC92YXIvd3d3L2h0bWwNCnN1ZG8gZWNobyAiSGVsbG8gV29ybGQsIFByYWpqYXdhbCBUaGlzIFNpZGUiID4gL3Zhci93d3cvaHRtbC9pbmRleC5odG1sDQpzdWRvIG1rZGlyIC92YXIvd3d3L2h0bWwvYXBwMQ0Kc3VkbyBlY2hvICJIZWxsbyBXb3JsZCBmcm9tICQoaG9zdG5hbWUgLWYpIiA+IC92YXIvd3d3L2h0bWwvYXBwMS9pbmRleC5odG1sDQpzdWRvIGVjaG8gIldlYlZNIEFwcDEgLSBBcHBTdGF0dXMgUGFnZSIgPiAvdmFyL3d3dy9odG1sL2FwcDEvQXBwU3RhdHVzLmh0bWwNCnN1ZG8gZWNobyAnPCFET0NUWVBFIGh0bWw+IDxodG1sPiA8Ym9keSBzdHlsZT0iYmFja2dyb3VuZC1jb2xvcjpyZ2IoMjU1LCAyNTUsIDApOyI+IDxoMT5XZWJWTSBBcHAxIC0gQXBwU3RhdHVzIFBhZ2U8L2gxPiA8cD5BcHAxIGlzIHJ1bm5pbmcgb24gV2ViVk0gQXBwMTwvcD4gPC9ib2R5PiA8L2h0bWw+JyA+IC92YXIvd3d3L2h0bWwvYXBwMS9BcHBTdGF0dXMuaHRtbA==",
            "data_disk": [],
            "disable_password_authentication": true,
            "do_not_run_extensions_on_overprovisioned_machines": false,
            "edge_zone": "",
            "encryption_at_host_enabled": false,
            "eviction_policy": "",
            "extension": [],
            "extension_operations_enabled": true,
            "extensions_time_budget": "PT1H30M",
            "gallery_application": null,
            "gallery_applications": null,
            "health_probe_id": "",
            "host_group_id": null,
            "id": "/subscriptions/effb83b7-cd87-4360-b745-7eb4100647d0/resourceGroups/devOps-dev-rg-xutxocip/providers/Microsoft.Compute/virtualMachineScaleSets/devOps-dev-web-vmss",
            "identity": [],
            "instances": 2,
            "location": "centralindia",
            "max_bid_price": -1,
            "name": "devOps-dev-web-vmss",
            "network_interface": [
              {
                "dns_servers": null,
                "enable_accelerated_networking": false,
                "enable_ip_forwarding": false,
                "ip_configuration": [
                  {
                    "application_gateway_backend_address_pool_ids": null,
                    "application_security_group_ids": null,
                    "load_balancer_backend_address_pool_ids": [
                      "/subscriptions/effb83b7-cd87-4360-b745-7eb4100647d0/resourceGroups/devOps-dev-rg-xutxocip/providers/Microsoft.Network/loadBalancers/devOps-dev-web-lb/backendAddressPools/web-backend-1"
                    ],
                    "load_balancer_inbound_nat_rules_ids": null,
                    "name": "internal",
                    "primary": true,
                    "public_ip_address": [],
                    "subnet_id": "/subscriptions/effb83b7-cd87-4360-b745-7eb4100647d0/resourceGroups/devOps-dev-rg-xutxocip/providers/Microsoft.Network/virtualNetworks/devOps-dev-vnet/subnets/devOps-dev-vnet-webSubnet",
                    "version": "IPv4"
                  }
                ],
                "name": "web-vmss-nic",
                "network_security_group_id": "/subscriptions/effb83b7-cd87-4360-b745-7eb4100647d0/resourceGroups/devOps-dev-rg-xutxocip/providers/Microsoft.Network/networkSecurityGroups/devOps-dev-web-vmss-nsg",
                "primary": true
              }
            ],
            "os_disk": [
              {
                "caching": "ReadWrite",
                "diff_disk_settings": [],
                "disk_encryption_set_id": "",
                "disk_size_gb": 64,
                "secure_vm_disk_encryption_set_id": "",
                "security_encryption_type": "",
                "storage_account_type": "Standard_LRS",
                "write_accelerator_enabled": false
              }
            ],
            "overprovision": true,
            "plan": [],
            "platform_fault_domain_count": 0,
            "priority": "Regular",
            "provision_vm_agent": true,
            "proximity_placement_group_id": "",
            "resource_group_name": "devOps-dev-rg-xutxocip",
            "rolling_upgrade_policy": [],
            "scale_in": [
              {
                "force_deletion_enabled": false,
                "rule": "Default"
              }
            ],
            "scale_in_policy": "Default",
            "secret": [],
            "secure_boot_enabled": false,
            "single_placement_group": true,
            "sku": "Standard_DS1_v2",
            "source_image_id": "",
            "source_image_reference": [
              {
                "offer": "RHEL",
                "publisher": "RedHat",
                "sku": "83-gen2",
                "version": "latest"
              }
            ],
            "spot_restore": null,
            "tags": null,
            "terminate_notification": null,
            "termination_notification": null,
            "timeouts": null,
            "unique_id": "86031a29-eaec-493e-9bec-11e4cee57947",
            "upgrade_mode": "Automatic",
            "user_data": "",
            "vtpm_enabled": false,
            "zone_balance": false,
            "zones": null
          },
          "sensitive_attributes": [],
          "private": "eyJlMmJmYjczMC1lY2FhLTExZTYtOGY4OC0zNDM2M2JjN2M0YzAiOnsiY3JlYXRlIjozNjAwMDAwMDAwMDAwLCJkZWxldGUiOjM2MDAwMDAwMDAwMDAsInJlYWQiOjMwMDAwMDAwMDAwMCwidXBkYXRlIjozNjAwMDAwMDAwMDAwfX0=",
          "dependencies": [
            "azurerm_lb.web_lb",
            "azurerm_lb_backend_address_pool.web_lb_backend_address_pool",
            "azurerm_network_security_group.web_vmss_nsg",
            "azurerm_public_ip.web_lbpublicip",
            "azurerm_resource_group.rg",
            "azurerm_subnet.websubnet",
            "azurerm_virtual_network.vnet",
            "random_string.myrandom"
          ]
        }
      ]
    },
    {
      "mode": "managed",
      "type": "azurerm_monitor_autoscale_setting",
      "name": "web_vmss_autoscale",
      "provider": "provider[\"registry.terraform.io/hashicorp/azurerm\"]",
      "instances": []
    },
    {
      "mode": "managed",
      "type": "azurerm_network_interface",
      "name": "bastion_host_linuxvm_nic",
      "provider": "provider[\"registry.terraform.io/hashicorp/azurerm\"]",
      "instances": [
        {
          "schema_version": 0,
          "attributes": {
            "applied_dns_servers": [],
            "auxiliary_mode": "",
            "auxiliary_sku": "",
            "dns_servers": [],
            "edge_zone": "",
            "enable_accelerated_networking": false,
            "enable_ip_forwarding": false,
            "id": "/subscriptions/effb83b7-cd87-4360-b745-7eb4100647d0/resourceGroups/devOps-dev-rg-xutxocip/providers/Microsoft.Network/networkInterfaces/devOps-dev-bastion-host-linuxvm-nic",
            "internal_dns_name_label": "",
            "internal_domain_name_suffix": "kcmlwjkux1bujowtooz22cdo3f.rx.internal.cloudapp.net",
            "ip_configuration": [
              {
                "gateway_load_balancer_frontend_ip_configuration_id": "",
                "name": "bastion-host-ip-1",
                "primary": true,
                "private_ip_address": "10.1.100.4",
                "private_ip_address_allocation": "Dynamic",
                "private_ip_address_version": "IPv4",
                "public_ip_address_id": "/subscriptions/effb83b7-cd87-4360-b745-7eb4100647d0/resourceGroups/devOps-dev-rg-xutxocip/providers/Microsoft.Network/publicIPAddresses/devOps-dev-bastion-host-publicip",
                "subnet_id": "/subscriptions/effb83b7-cd87-4360-b745-7eb4100647d0/resourceGroups/devOps-dev-rg-xutxocip/providers/Microsoft.Network/virtualNetworks/devOps-dev-vnet/subnets/devOps-dev-vnet-bastionSubnet"
              }
            ],
            "location": "centralindia",
            "mac_address": "",
            "name": "devOps-dev-bastion-host-linuxvm-nic",
            "private_ip_address": "10.1.100.4",
            "private_ip_addresses": [
              "10.1.100.4"
            ],
            "resource_group_name": "devOps-dev-rg-xutxocip",
            "tags": null,
            "timeouts": null,
            "virtual_machine_id": ""
          },
          "sensitive_attributes": [],
          "private": "eyJlMmJmYjczMC1lY2FhLTExZTYtOGY4OC0zNDM2M2JjN2M0YzAiOnsiY3JlYXRlIjoxODAwMDAwMDAwMDAwLCJkZWxldGUiOjE4MDAwMDAwMDAwMDAsInJlYWQiOjMwMDAwMDAwMDAwMCwidXBkYXRlIjoxODAwMDAwMDAwMDAwfX0=",
          "dependencies": [
            "azurerm_public_ip.bastion_host_publicip",
            "azurerm_resource_group.rg",
            "azurerm_subnet.bastionsubnet",
            "azurerm_virtual_network.vnet",
            "random_string.myrandom"
          ]
        }
      ]
    },
    {
      "mode": "managed",
      "type": "azurerm_network_security_group",
      "name": "app_subnet_nsg",
      "provider": "provider[\"registry.terraform.io/hashicorp/azurerm\"]",
      "instances": [
        {
          "schema_version": 0,
          "attributes": {
            "id": "/subscriptions/effb83b7-cd87-4360-b745-7eb4100647d0/resourceGroups/devOps-dev-rg-xutxocip/providers/Microsoft.Network/networkSecurityGroups/devOps-dev-vnet-appSubnet-nsg",
            "location": "centralindia",
            "name": "devOps-dev-vnet-appSubnet-nsg",
            "resource_group_name": "devOps-dev-rg-xutxocip",
            "security_rule": [],
            "tags": null,
            "timeouts": null
          },
          "sensitive_attributes": [],
          "private": "eyJlMmJmYjczMC1lY2FhLTExZTYtOGY4OC0zNDM2M2JjN2M0YzAiOnsiY3JlYXRlIjoxODAwMDAwMDAwMDAwLCJkZWxldGUiOjE4MDAwMDAwMDAwMDAsInJlYWQiOjMwMDAwMDAwMDAwMCwidXBkYXRlIjoxODAwMDAwMDAwMDAwfX0=",
          "dependencies": [
            "azurerm_resource_group.rg",
            "azurerm_subnet.appsubnet",
            "azurerm_virtual_network.vnet",
            "random_string.myrandom"
          ]
        }
      ]
    },
    {
      "mode": "managed",
      "type": "azurerm_network_security_group",
      "name": "bastion_subnet_nsg",
      "provider": "provider[\"registry.terraform.io/hashicorp/azurerm\"]",
      "instances": [
        {
          "schema_version": 0,
          "attributes": {
            "id": "/subscriptions/effb83b7-cd87-4360-b745-7eb4100647d0/resourceGroups/devOps-dev-rg-xutxocip/providers/Microsoft.Network/networkSecurityGroups/devOps-dev-vnet-bastionSubnet-nsg",
            "location": "centralindia",
            "name": "devOps-dev-vnet-bastionSubnet-nsg",
            "resource_group_name": "devOps-dev-rg-xutxocip",
            "security_rule": [],
            "tags": null,
            "timeouts": null
          },
          "sensitive_attributes": [],
          "private": "eyJlMmJmYjczMC1lY2FhLTExZTYtOGY4OC0zNDM2M2JjN2M0YzAiOnsiY3JlYXRlIjoxODAwMDAwMDAwMDAwLCJkZWxldGUiOjE4MDAwMDAwMDAwMDAsInJlYWQiOjMwMDAwMDAwMDAwMCwidXBkYXRlIjoxODAwMDAwMDAwMDAwfX0=",
          "dependencies": [
            "azurerm_resource_group.rg",
            "azurerm_subnet.bastionsubnet",
            "azurerm_virtual_network.vnet",
            "random_string.myrandom"
          ]
        }
      ]
    },
    {
      "mode": "managed",
      "type": "azurerm_network_security_group",
      "name": "db_subnet_nsg",
      "provider": "provider[\"registry.terraform.io/hashicorp/azurerm\"]",
      "instances": [
        {
          "schema_version": 0,
          "attributes": {
            "id": "/subscriptions/effb83b7-cd87-4360-b745-7eb4100647d0/resourceGroups/devOps-dev-rg-xutxocip/providers/Microsoft.Network/networkSecurityGroups/devOps-dev-vnet-dbSubnet-nsg",
            "location": "centralindia",
            "name": "devOps-dev-vnet-dbSubnet-nsg",
            "resource_group_name": "devOps-dev-rg-xutxocip",
            "security_rule": [],
            "tags": null,
            "timeouts": null
          },
          "sensitive_attributes": [],
          "private": "eyJlMmJmYjczMC1lY2FhLTExZTYtOGY4OC0zNDM2M2JjN2M0YzAiOnsiY3JlYXRlIjoxODAwMDAwMDAwMDAwLCJkZWxldGUiOjE4MDAwMDAwMDAwMDAsInJlYWQiOjMwMDAwMDAwMDAwMCwidXBkYXRlIjoxODAwMDAwMDAwMDAwfX0=",
          "dependencies": [
            "azurerm_resource_group.rg",
            "azurerm_subnet.dbsubnet",
            "azurerm_virtual_network.vnet",
            "random_string.myrandom"
          ]
        }
      ]
    },
    {
      "mode": "managed",
      "type": "azurerm_network_security_group",
      "name": "web_subnet_nsg",
      "provider": "provider[\"registry.terraform.io/hashicorp/azurerm\"]",
      "instances": [
        {
          "schema_version": 0,
          "attributes": {
            "id": "/subscriptions/effb83b7-cd87-4360-b745-7eb4100647d0/resourceGroups/devOps-dev-rg-xutxocip/providers/Microsoft.Network/networkSecurityGroups/devOps-dev-vnet-webSubnet-nsg",
            "location": "centralindia",
            "name": "devOps-dev-vnet-webSubnet-nsg",
            "resource_group_name": "devOps-dev-rg-xutxocip",
            "security_rule": [],
            "tags": null,
            "timeouts": null
          },
          "sensitive_attributes": [],
          "private": "eyJlMmJmYjczMC1lY2FhLTExZTYtOGY4OC0zNDM2M2JjN2M0YzAiOnsiY3JlYXRlIjoxODAwMDAwMDAwMDAwLCJkZWxldGUiOjE4MDAwMDAwMDAwMDAsInJlYWQiOjMwMDAwMDAwMDAwMCwidXBkYXRlIjoxODAwMDAwMDAwMDAwfX0=",
          "dependencies": [
            "azurerm_resource_group.rg",
            "azurerm_subnet.websubnet",
            "azurerm_virtual_network.vnet",
            "random_string.myrandom"
          ]
        }
      ]
    },
    {
      "mode": "managed",
      "type": "azurerm_network_security_group",
      "name": "web_vmss_nsg",
      "provider": "provider[\"registry.terraform.io/hashicorp/azurerm\"]",
      "instances": [
        {
          "schema_version": 0,
          "attributes": {
            "id": "/subscriptions/effb83b7-cd87-4360-b745-7eb4100647d0/resourceGroups/devOps-dev-rg-xutxocip/providers/Microsoft.Network/networkSecurityGroups/devOps-dev-web-vmss-nsg",
            "location": "centralindia",
            "name": "devOps-dev-web-vmss-nsg",
            "resource_group_name": "devOps-dev-rg-xutxocip",
            "security_rule": [
              {
                "access": "Allow",
                "description": "",
                "destination_address_prefix": "*",
                "destination_address_prefixes": [],
                "destination_application_security_group_ids": [],
                "destination_port_range": "22",
                "destination_port_ranges": [],
                "direction": "Inbound",
                "name": "inbound-rule-0",
                "priority": 100,
                "protocol": "Tcp",
                "source_address_prefix": "*",
                "source_address_prefixes": [],
                "source_application_security_group_ids": [],
                "source_port_range": "*",
                "source_port_ranges": []
              },
              {
                "access": "Allow",
                "description": "",
                "destination_address_prefix": "*",
                "destination_address_prefixes": [],
                "destination_application_security_group_ids": [],
                "destination_port_range": "443",
                "destination_port_ranges": [],
                "direction": "Inbound",
                "name": "inbound-rule-2",
                "priority": 120,
                "protocol": "Tcp",
                "source_address_prefix": "*",
                "source_address_prefixes": [],
                "source_application_security_group_ids": [],
                "source_port_range": "*",
                "source_port_ranges": []
              },
              {
                "access": "Allow",
                "description": "",
                "destination_address_prefix": "*",
                "destination_address_prefixes": [],
                "destination_application_security_group_ids": [],
                "destination_port_range": "80",
                "destination_port_ranges": [],
                "direction": "Inbound",
                "name": "inbound-rule-1",
                "priority": 110,
                "protocol": "Tcp",
                "source_address_prefix": "*",
                "source_address_prefixes": [],
                "source_application_security_group_ids": [],
                "source_port_range": "*",
                "source_port_ranges": []
              }
            ],
            "tags": null,
            "timeouts": null
          },
          "sensitive_attributes": [],
          "private": "eyJlMmJmYjczMC1lY2FhLTExZTYtOGY4OC0zNDM2M2JjN2M0YzAiOnsiY3JlYXRlIjoxODAwMDAwMDAwMDAwLCJkZWxldGUiOjE4MDAwMDAwMDAwMDAsInJlYWQiOjMwMDAwMDAwMDAwMCwidXBkYXRlIjoxODAwMDAwMDAwMDAwfX0=",
          "dependencies": [
            "azurerm_resource_group.rg",
            "random_string.myrandom"
          ]
        }
      ]
    },
    {
      "mode": "managed",
      "type": "azurerm_network_security_rule",
      "name": "app_nsg_rule_inbound",
      "provider": "provider[\"registry.terraform.io/hashicorp/azurerm\"]",
      "instances": [
        {
          "index_key": "100",
          "schema_version": 0,
          "attributes": {
            "access": "Allow",
            "description": "",
            "destination_address_prefix": "*",
            "destination_address_prefixes": null,
            "destination_application_security_group_ids": null,
            "destination_port_range": "22",
            "destination_port_ranges": null,
            "direction": "Inbound",
            "id": "/subscriptions/effb83b7-cd87-4360-b745-7eb4100647d0/resourceGroups/devOps-dev-rg-xutxocip/providers/Microsoft.Network/networkSecurityGroups/devOps-dev-vnet-appSubnet-nsg/securityRules/app-nsg-rule-inbound-22",
            "name": "app-nsg-rule-inbound-22",
            "network_security_group_name": "devOps-dev-vnet-appSubnet-nsg",
            "priority": 100,
            "protocol": "Tcp",
            "resource_group_name": "devOps-dev-rg-xutxocip",
            "source_address_prefix": "*",
            "source_address_prefixes": null,
            "source_application_security_group_ids": null,
            "source_port_range": "*",
            "source_port_ranges": null,
            "timeouts": null
          },
          "sensitive_attributes": [],
          "private": "eyJlMmJmYjczMC1lY2FhLTExZTYtOGY4OC0zNDM2M2JjN2M0YzAiOnsiY3JlYXRlIjoxODAwMDAwMDAwMDAwLCJkZWxldGUiOjE4MDAwMDAwMDAwMDAsInJlYWQiOjMwMDAwMDAwMDAwMCwidXBkYXRlIjoxODAwMDAwMDAwMDAwfX0=",
          "dependencies": [
            "azurerm_network_security_group.app_subnet_nsg",
            "azurerm_resource_group.rg",
            "azurerm_subnet.appsubnet",
            "azurerm_virtual_network.vnet",
            "random_string.myrandom"
          ]
        },
        {
          "index_key": "110",
          "schema_version": 0,
          "attributes": {
            "access": "Allow",
            "description": "",
            "destination_address_prefix": "*",
            "destination_address_prefixes": null,
            "destination_application_security_group_ids": null,
            "destination_port_range": "80",
            "destination_port_ranges": null,
            "direction": "Inbound",
            "id": "/subscriptions/effb83b7-cd87-4360-b745-7eb4100647d0/resourceGroups/devOps-dev-rg-xutxocip/providers/Microsoft.Network/networkSecurityGroups/devOps-dev-vnet-appSubnet-nsg/securityRules/app-nsg-rule-inbound-80",
            "name": "app-nsg-rule-inbound-80",
            "network_security_group_name": "devOps-dev-vnet-appSubnet-nsg",
            "priority": 110,
            "protocol": "Tcp",
            "resource_group_name": "devOps-dev-rg-xutxocip",
            "source_address_prefix": "*",
            "source_address_prefixes": null,
            "source_application_security_group_ids": null,
            "source_port_range": "*",
            "source_port_ranges": null,
            "timeouts": null
          },
          "sensitive_attributes": [],
          "private": "eyJlMmJmYjczMC1lY2FhLTExZTYtOGY4OC0zNDM2M2JjN2M0YzAiOnsiY3JlYXRlIjoxODAwMDAwMDAwMDAwLCJkZWxldGUiOjE4MDAwMDAwMDAwMDAsInJlYWQiOjMwMDAwMDAwMDAwMCwidXBkYXRlIjoxODAwMDAwMDAwMDAwfX0=",
          "dependencies": [
            "azurerm_network_security_group.app_subnet_nsg",
            "azurerm_resource_group.rg",
            "azurerm_subnet.appsubnet",
            "azurerm_virtual_network.vnet",
            "random_string.myrandom"
          ]
        }
      ]
    },
    {
      "mode": "managed",
      "type": "azurerm_network_security_rule",
      "name": "bastion_nsg_rule_inbound",
      "provider": "provider[\"registry.terraform.io/hashicorp/azurerm\"]",
      "instances": [
        {
          "index_key": "100",
          "schema_version": 0,
          "attributes": {
            "access": "Allow",
            "description": "",
            "destination_address_prefix": "*",
            "destination_address_prefixes": null,
            "destination_application_security_group_ids": null,
            "destination_port_range": "22",
            "destination_port_ranges": null,
            "direction": "Inbound",
            "id": "/subscriptions/effb83b7-cd87-4360-b745-7eb4100647d0/resourceGroups/devOps-dev-rg-xutxocip/providers/Microsoft.Network/networkSecurityGroups/devOps-dev-vnet-bastionSubnet-nsg/securityRules/bastion-nsg-rule-inbound-22",
            "name": "bastion-nsg-rule-inbound-22",
            "network_security_group_name": "devOps-dev-vnet-bastionSubnet-nsg",
            "priority": 100,
            "protocol": "Tcp",
            "resource_group_name": "devOps-dev-rg-xutxocip",
            "source_address_prefix": "*",
            "source_address_prefixes": null,
            "source_application_security_group_ids": null,
            "source_port_range": "*",
            "source_port_ranges": null,
            "timeouts": null
          },
          "sensitive_attributes": [],
          "private": "eyJlMmJmYjczMC1lY2FhLTExZTYtOGY4OC0zNDM2M2JjN2M0YzAiOnsiY3JlYXRlIjoxODAwMDAwMDAwMDAwLCJkZWxldGUiOjE4MDAwMDAwMDAwMDAsInJlYWQiOjMwMDAwMDAwMDAwMCwidXBkYXRlIjoxODAwMDAwMDAwMDAwfX0=",
          "dependencies": [
            "azurerm_network_security_group.bastion_subnet_nsg",
            "azurerm_resource_group.rg",
            "azurerm_subnet.bastionsubnet",
            "azurerm_virtual_network.vnet",
            "random_string.myrandom"
          ]
        },
        {
          "index_key": "110",
          "schema_version": 0,
          "attributes": {
            "access": "Allow",
            "description": "",
            "destination_address_prefix": "*",
            "destination_address_prefixes": null,
            "destination_application_security_group_ids": null,
            "destination_port_range": "3389",
            "destination_port_ranges": null,
            "direction": "Inbound",
            "id": "/subscriptions/effb83b7-cd87-4360-b745-7eb4100647d0/resourceGroups/devOps-dev-rg-xutxocip/providers/Microsoft.Network/networkSecurityGroups/devOps-dev-vnet-bastionSubnet-nsg/securityRules/bastion-nsg-rule-inbound-3389",
            "name": "bastion-nsg-rule-inbound-3389",
            "network_security_group_name": "devOps-dev-vnet-bastionSubnet-nsg",
            "priority": 110,
            "protocol": "Tcp",
            "resource_group_name": "devOps-dev-rg-xutxocip",
            "source_address_prefix": "*",
            "source_address_prefixes": null,
            "source_application_security_group_ids": null,
            "source_port_range": "*",
            "source_port_ranges": null,
            "timeouts": null
          },
          "sensitive_attributes": [],
          "private": "eyJlMmJmYjczMC1lY2FhLTExZTYtOGY4OC0zNDM2M2JjN2M0YzAiOnsiY3JlYXRlIjoxODAwMDAwMDAwMDAwLCJkZWxldGUiOjE4MDAwMDAwMDAwMDAsInJlYWQiOjMwMDAwMDAwMDAwMCwidXBkYXRlIjoxODAwMDAwMDAwMDAwfX0=",
          "dependencies": [
            "azurerm_network_security_group.bastion_subnet_nsg",
            "azurerm_resource_group.rg",
            "azurerm_subnet.bastionsubnet",
            "azurerm_virtual_network.vnet",
            "random_string.myrandom"
          ]
        }
      ]
    },
    {
      "mode": "managed",
      "type": "azurerm_network_security_rule",
      "name": "db_nsg_rule_inbound",
      "provider": "provider[\"registry.terraform.io/hashicorp/azurerm\"]",
      "instances": [
        {
          "index_key": "100",
          "schema_version": 0,
          "attributes": {
            "access": "Allow",
            "description": "",
            "destination_address_prefix": "*",
            "destination_address_prefixes": null,
            "destination_application_security_group_ids": null,
            "destination_port_range": "3306",
            "destination_port_ranges": null,
            "direction": "Inbound",
            "id": "/subscriptions/effb83b7-cd87-4360-b745-7eb4100647d0/resourceGroups/devOps-dev-rg-xutxocip/providers/Microsoft.Network/networkSecurityGroups/devOps-dev-vnet-dbSubnet-nsg/securityRules/db-nsg-rule-inbound-3306",
            "name": "db-nsg-rule-inbound-3306",
            "network_security_group_name": "devOps-dev-vnet-dbSubnet-nsg",
            "priority": 100,
            "protocol": "Tcp",
            "resource_group_name": "devOps-dev-rg-xutxocip",
            "source_address_prefix": "*",
            "source_address_prefixes": null,
            "source_application_security_group_ids": null,
            "source_port_range": "*",
            "source_port_ranges": null,
            "timeouts": null
          },
          "sensitive_attributes": [],
          "private": "eyJlMmJmYjczMC1lY2FhLTExZTYtOGY4OC0zNDM2M2JjN2M0YzAiOnsiY3JlYXRlIjoxODAwMDAwMDAwMDAwLCJkZWxldGUiOjE4MDAwMDAwMDAwMDAsInJlYWQiOjMwMDAwMDAwMDAwMCwidXBkYXRlIjoxODAwMDAwMDAwMDAwfX0=",
          "dependencies": [
            "azurerm_network_security_group.db_subnet_nsg",
            "azurerm_resource_group.rg",
            "azurerm_subnet.dbsubnet",
            "azurerm_virtual_network.vnet",
            "random_string.myrandom"
          ]
        },
        {
          "index_key": "110",
          "schema_version": 0,
          "attributes": {
            "access": "Allow",
            "description": "",
            "destination_address_prefix": "*",
            "destination_address_prefixes": null,
            "destination_application_security_group_ids": null,
            "destination_port_range": "1433",
            "destination_port_ranges": null,
            "direction": "Inbound",
            "id": "/subscriptions/effb83b7-cd87-4360-b745-7eb4100647d0/resourceGroups/devOps-dev-rg-xutxocip/providers/Microsoft.Network/networkSecurityGroups/devOps-dev-vnet-dbSubnet-nsg/securityRules/db-nsg-rule-inbound-1433",
            "name": "db-nsg-rule-inbound-1433",
            "network_security_group_name": "devOps-dev-vnet-dbSubnet-nsg",
            "priority": 110,
            "protocol": "Tcp",
            "resource_group_name": "devOps-dev-rg-xutxocip",
            "source_address_prefix": "*",
            "source_address_prefixes": null,
            "source_application_security_group_ids": null,
            "source_port_range": "*",
            "source_port_ranges": null,
            "timeouts": null
          },
          "sensitive_attributes": [],
          "private": "eyJlMmJmYjczMC1lY2FhLTExZTYtOGY4OC0zNDM2M2JjN2M0YzAiOnsiY3JlYXRlIjoxODAwMDAwMDAwMDAwLCJkZWxldGUiOjE4MDAwMDAwMDAwMDAsInJlYWQiOjMwMDAwMDAwMDAwMCwidXBkYXRlIjoxODAwMDAwMDAwMDAwfX0=",
          "dependencies": [
            "azurerm_network_security_group.db_subnet_nsg",
            "azurerm_resource_group.rg",
            "azurerm_subnet.dbsubnet",
            "azurerm_virtual_network.vnet",
            "random_string.myrandom"
          ]
        },
        {
          "index_key": "120",
          "schema_version": 0,
          "attributes": {
            "access": "Allow",
            "description": "",
            "destination_address_prefix": "*",
            "destination_address_prefixes": null,
            "destination_application_security_group_ids": null,
            "destination_port_range": "5432",
            "destination_port_ranges": null,
            "direction": "Inbound",
            "id": "/subscriptions/effb83b7-cd87-4360-b745-7eb4100647d0/resourceGroups/devOps-dev-rg-xutxocip/providers/Microsoft.Network/networkSecurityGroups/devOps-dev-vnet-dbSubnet-nsg/securityRules/db-nsg-rule-inbound-5432",
            "name": "db-nsg-rule-inbound-5432",
            "network_security_group_name": "devOps-dev-vnet-dbSubnet-nsg",
            "priority": 120,
            "protocol": "Tcp",
            "resource_group_name": "devOps-dev-rg-xutxocip",
            "source_address_prefix": "*",
            "source_address_prefixes": null,
            "source_application_security_group_ids": null,
            "source_port_range": "*",
            "source_port_ranges": null,
            "timeouts": null
          },
          "sensitive_attributes": [],
          "private": "eyJlMmJmYjczMC1lY2FhLTExZTYtOGY4OC0zNDM2M2JjN2M0YzAiOnsiY3JlYXRlIjoxODAwMDAwMDAwMDAwLCJkZWxldGUiOjE4MDAwMDAwMDAwMDAsInJlYWQiOjMwMDAwMDAwMDAwMCwidXBkYXRlIjoxODAwMDAwMDAwMDAwfX0=",
          "dependencies": [
            "azurerm_network_security_group.db_subnet_nsg",
            "azurerm_resource_group.rg",
            "azurerm_subnet.dbsubnet",
            "azurerm_virtual_network.vnet",
            "random_string.myrandom"
          ]
        }
      ]
    },
    {
      "mode": "managed",
      "type": "azurerm_network_security_rule",
      "name": "web_nsg_rule_inbound",
      "provider": "provider[\"registry.terraform.io/hashicorp/azurerm\"]",
      "instances": [
        {
          "index_key": "100",
          "schema_version": 0,
          "attributes": {
            "access": "Allow",
            "description": "",
            "destination_address_prefix": "*",
            "destination_address_prefixes": null,
            "destination_application_security_group_ids": null,
            "destination_port_range": "80",
            "destination_port_ranges": null,
            "direction": "Inbound",
            "id": "/subscriptions/effb83b7-cd87-4360-b745-7eb4100647d0/resourceGroups/devOps-dev-rg-xutxocip/providers/Microsoft.Network/networkSecurityGroups/devOps-dev-vnet-webSubnet-nsg/securityRules/web-nsg-rule-inbound-80",
            "name": "web-nsg-rule-inbound-80",
            "network_security_group_name": "devOps-dev-vnet-webSubnet-nsg",
            "priority": 100,
            "protocol": "Tcp",
            "resource_group_name": "devOps-dev-rg-xutxocip",
            "source_address_prefix": "*",
            "source_address_prefixes": null,
            "source_application_security_group_ids": null,
            "source_port_range": "*",
            "source_port_ranges": null,
            "timeouts": null
          },
          "sensitive_attributes": [],
          "private": "eyJlMmJmYjczMC1lY2FhLTExZTYtOGY4OC0zNDM2M2JjN2M0YzAiOnsiY3JlYXRlIjoxODAwMDAwMDAwMDAwLCJkZWxldGUiOjE4MDAwMDAwMDAwMDAsInJlYWQiOjMwMDAwMDAwMDAwMCwidXBkYXRlIjoxODAwMDAwMDAwMDAwfX0=",
          "dependencies": [
            "azurerm_network_security_group.web_subnet_nsg",
            "azurerm_resource_group.rg",
            "azurerm_subnet.websubnet",
            "azurerm_virtual_network.vnet",
            "random_string.myrandom"
          ]
        },
        {
          "index_key": "110",
          "schema_version": 0,
          "attributes": {
            "access": "Allow",
            "description": "",
            "destination_address_prefix": "*",
            "destination_address_prefixes": null,
            "destination_application_security_group_ids": null,
            "destination_port_range": "443",
            "destination_port_ranges": null,
            "direction": "Inbound",
            "id": "/subscriptions/effb83b7-cd87-4360-b745-7eb4100647d0/resourceGroups/devOps-dev-rg-xutxocip/providers/Microsoft.Network/networkSecurityGroups/devOps-dev-vnet-webSubnet-nsg/securityRules/web-nsg-rule-inbound-443",
            "name": "web-nsg-rule-inbound-443",
            "network_security_group_name": "devOps-dev-vnet-webSubnet-nsg",
            "priority": 110,
            "protocol": "Tcp",
            "resource_group_name": "devOps-dev-rg-xutxocip",
            "source_address_prefix": "*",
            "source_address_prefixes": null,
            "source_application_security_group_ids": null,
            "source_port_range": "*",
            "source_port_ranges": null,
            "timeouts": null
          },
          "sensitive_attributes": [],
          "private": "eyJlMmJmYjczMC1lY2FhLTExZTYtOGY4OC0zNDM2M2JjN2M0YzAiOnsiY3JlYXRlIjoxODAwMDAwMDAwMDAwLCJkZWxldGUiOjE4MDAwMDAwMDAwMDAsInJlYWQiOjMwMDAwMDAwMDAwMCwidXBkYXRlIjoxODAwMDAwMDAwMDAwfX0=",
          "dependencies": [
            "azurerm_network_security_group.web_subnet_nsg",
            "azurerm_resource_group.rg",
            "azurerm_subnet.websubnet",
            "azurerm_virtual_network.vnet",
            "random_string.myrandom"
          ]
        },
        {
          "index_key": "120",
          "schema_version": 0,
          "attributes": {
            "access": "Allow",
            "description": "",
            "destination_address_prefix": "*",
            "destination_address_prefixes": null,
            "destination_application_security_group_ids": null,
            "destination_port_range": "22",
            "destination_port_ranges": null,
            "direction": "Inbound",
            "id": "/subscriptions/effb83b7-cd87-4360-b745-7eb4100647d0/resourceGroups/devOps-dev-rg-xutxocip/providers/Microsoft.Network/networkSecurityGroups/devOps-dev-vnet-webSubnet-nsg/securityRules/web-nsg-rule-inbound-22",
            "name": "web-nsg-rule-inbound-22",
            "network_security_group_name": "devOps-dev-vnet-webSubnet-nsg",
            "priority": 120,
            "protocol": "Tcp",
            "resource_group_name": "devOps-dev-rg-xutxocip",
            "source_address_prefix": "*",
            "source_address_prefixes": null,
            "source_application_security_group_ids": null,
            "source_port_range": "*",
            "source_port_ranges": null,
            "timeouts": null
          },
          "sensitive_attributes": [],
          "private": "eyJlMmJmYjczMC1lY2FhLTExZTYtOGY4OC0zNDM2M2JjN2M0YzAiOnsiY3JlYXRlIjoxODAwMDAwMDAwMDAwLCJkZWxldGUiOjE4MDAwMDAwMDAwMDAsInJlYWQiOjMwMDAwMDAwMDAwMCwidXBkYXRlIjoxODAwMDAwMDAwMDAwfX0=",
          "dependencies": [
            "azurerm_network_security_group.web_subnet_nsg",
            "azurerm_resource_group.rg",
            "azurerm_subnet.websubnet",
            "azurerm_virtual_network.vnet",
            "random_string.myrandom"
          ]
        }
      ]
    },
    {
      "mode": "managed",
      "type": "azurerm_public_ip",
      "name": "bastion_host_publicip",
      "provider": "provider[\"registry.terraform.io/hashicorp/azurerm\"]",
      "instances": [
        {
          "schema_version": 0,
          "attributes": {
            "allocation_method": "Static",
            "ddos_protection_mode": "VirtualNetworkInherited",
            "ddos_protection_plan_id": null,
            "domain_name_label": null,
            "edge_zone": "",
            "fqdn": null,
            "id": "/subscriptions/effb83b7-cd87-4360-b745-7eb4100647d0/resourceGroups/devOps-dev-rg-xutxocip/providers/Microsoft.Network/publicIPAddresses/devOps-dev-bastion-host-publicip",
            "idle_timeout_in_minutes": 4,
            "ip_address": "20.235.102.104",
            "ip_tags": null,
            "ip_version": "IPv4",
            "location": "centralindia",
            "name": "devOps-dev-bastion-host-publicip",
            "public_ip_prefix_id": null,
            "resource_group_name": "devOps-dev-rg-xutxocip",
            "reverse_fqdn": null,
            "sku": "Standard",
            "sku_tier": "Regional",
            "tags": null,
            "timeouts": null,
            "zones": null
          },
          "sensitive_attributes": [],
          "private": "eyJlMmJmYjczMC1lY2FhLTExZTYtOGY4OC0zNDM2M2JjN2M0YzAiOnsiY3JlYXRlIjoxODAwMDAwMDAwMDAwLCJkZWxldGUiOjE4MDAwMDAwMDAwMDAsInJlYWQiOjMwMDAwMDAwMDAwMCwidXBkYXRlIjoxODAwMDAwMDAwMDAwfX0=",
          "dependencies": [
            "azurerm_resource_group.rg",
            "random_string.myrandom"
          ]
        }
      ]
    },
    {
      "mode": "managed",
      "type": "azurerm_public_ip",
      "name": "web_lbpublicip",
      "provider": "provider[\"registry.terraform.io/hashicorp/azurerm\"]",
      "instances": [
        {
          "schema_version": 0,
          "attributes": {
            "allocation_method": "Static",
            "ddos_protection_mode": "VirtualNetworkInherited",
            "ddos_protection_plan_id": null,
            "domain_name_label": null,
            "edge_zone": "",
            "fqdn": null,
            "id": "/subscriptions/effb83b7-cd87-4360-b745-7eb4100647d0/resourceGroups/devOps-dev-rg-xutxocip/providers/Microsoft.Network/publicIPAddresses/devOps-dev-lbpublicip",
            "idle_timeout_in_minutes": 4,
            "ip_address": "20.235.101.30",
            "ip_tags": null,
            "ip_version": "IPv4",
            "location": "centralindia",
            "name": "devOps-dev-lbpublicip",
            "public_ip_prefix_id": null,
            "resource_group_name": "devOps-dev-rg-xutxocip",
            "reverse_fqdn": null,
            "sku": "Standard",
            "sku_tier": "Regional",
            "tags": {
              "Environment": "dev",
              "Owner": "devOps"
            },
            "timeouts": null,
            "zones": null
          },
          "sensitive_attributes": [],
          "private": "eyJlMmJmYjczMC1lY2FhLTExZTYtOGY4OC0zNDM2M2JjN2M0YzAiOnsiY3JlYXRlIjoxODAwMDAwMDAwMDAwLCJkZWxldGUiOjE4MDAwMDAwMDAwMDAsInJlYWQiOjMwMDAwMDAwMDAwMCwidXBkYXRlIjoxODAwMDAwMDAwMDAwfX0=",
          "dependencies": [
            "azurerm_resource_group.rg",
            "random_string.myrandom"
          ]
        }
      ]
    },
    {
      "mode": "managed",
      "type": "azurerm_resource_group",
      "name": "rg",
      "provider": "provider[\"registry.terraform.io/hashicorp/azurerm\"]",
      "instances": [
        {
          "schema_version": 0,
          "attributes": {
            "id": "/subscriptions/effb83b7-cd87-4360-b745-7eb4100647d0/resourceGroups/devOps-dev-rg-xutxocip",
            "location": "centralindia",
            "managed_by": "",
            "name": "devOps-dev-rg-xutxocip",
            "tags": {
              "Environment": "dev",
              "Owner": "devOps"
            },
            "timeouts": null
          },
          "sensitive_attributes": [],
          "private": "eyJlMmJmYjczMC1lY2FhLTExZTYtOGY4OC0zNDM2M2JjN2M0YzAiOnsiY3JlYXRlIjo1NDAwMDAwMDAwMDAwLCJkZWxldGUiOjU0MDAwMDAwMDAwMDAsInJlYWQiOjMwMDAwMDAwMDAwMCwidXBkYXRlIjo1NDAwMDAwMDAwMDAwfX0=",
          "dependencies": [
            "random_string.myrandom"
          ]
        }
      ]
    },
    {
      "mode": "managed",
      "type": "azurerm_subnet",
      "name": "appsubnet",
      "provider": "provider[\"registry.terraform.io/hashicorp/azurerm\"]",
      "instances": [
        {
          "schema_version": 0,
          "attributes": {
            "address_prefixes": [
              "10.1.11.0/24"
            ],
            "delegation": [],
            "enforce_private_link_endpoint_network_policies": false,
            "enforce_private_link_service_network_policies": false,
            "id": "/subscriptions/effb83b7-cd87-4360-b745-7eb4100647d0/resourceGroups/devOps-dev-rg-xutxocip/providers/Microsoft.Network/virtualNetworks/devOps-dev-vnet/subnets/devOps-dev-vnet-appSubnet",
            "name": "devOps-dev-vnet-appSubnet",
            "private_endpoint_network_policies_enabled": true,
            "private_link_service_network_policies_enabled": true,
            "resource_group_name": "devOps-dev-rg-xutxocip",
            "service_endpoint_policy_ids": null,
            "service_endpoints": null,
            "timeouts": null,
            "virtual_network_name": "devOps-dev-vnet"
          },
          "sensitive_attributes": [],
          "private": "eyJlMmJmYjczMC1lY2FhLTExZTYtOGY4OC0zNDM2M2JjN2M0YzAiOnsiY3JlYXRlIjoxODAwMDAwMDAwMDAwLCJkZWxldGUiOjE4MDAwMDAwMDAwMDAsInJlYWQiOjMwMDAwMDAwMDAwMCwidXBkYXRlIjoxODAwMDAwMDAwMDAwfX0=",
          "dependencies": [
            "azurerm_resource_group.rg",
            "azurerm_virtual_network.vnet",
            "random_string.myrandom"
          ]
        }
      ]
    },
    {
      "mode": "managed",
      "type": "azurerm_subnet",
      "name": "bastionsubnet",
      "provider": "provider[\"registry.terraform.io/hashicorp/azurerm\"]",
      "instances": [
        {
          "schema_version": 0,
          "attributes": {
            "address_prefixes": [
              "10.1.100.0/24"
            ],
            "delegation": [],
            "enforce_private_link_endpoint_network_policies": false,
            "enforce_private_link_service_network_policies": false,
            "id": "/subscriptions/effb83b7-cd87-4360-b745-7eb4100647d0/resourceGroups/devOps-dev-rg-xutxocip/providers/Microsoft.Network/virtualNetworks/devOps-dev-vnet/subnets/devOps-dev-vnet-bastionSubnet",
            "name": "devOps-dev-vnet-bastionSubnet",
            "private_endpoint_network_policies_enabled": true,
            "private_link_service_network_policies_enabled": true,
            "resource_group_name": "devOps-dev-rg-xutxocip",
            "service_endpoint_policy_ids": null,
            "service_endpoints": null,
            "timeouts": null,
            "virtual_network_name": "devOps-dev-vnet"
          },
          "sensitive_attributes": [],
          "private": "eyJlMmJmYjczMC1lY2FhLTExZTYtOGY4OC0zNDM2M2JjN2M0YzAiOnsiY3JlYXRlIjoxODAwMDAwMDAwMDAwLCJkZWxldGUiOjE4MDAwMDAwMDAwMDAsInJlYWQiOjMwMDAwMDAwMDAwMCwidXBkYXRlIjoxODAwMDAwMDAwMDAwfX0=",
          "dependencies": [
            "azurerm_resource_group.rg",
            "azurerm_virtual_network.vnet",
            "random_string.myrandom"
          ]
        }
      ]
    },
    {
      "mode": "managed",
      "type": "azurerm_subnet",
      "name": "dbsubnet",
      "provider": "provider[\"registry.terraform.io/hashicorp/azurerm\"]",
      "instances": [
        {
          "schema_version": 0,
          "attributes": {
            "address_prefixes": [
              "10.1.21.0/24"
            ],
            "delegation": [],
            "enforce_private_link_endpoint_network_policies": false,
            "enforce_private_link_service_network_policies": false,
            "id": "/subscriptions/effb83b7-cd87-4360-b745-7eb4100647d0/resourceGroups/devOps-dev-rg-xutxocip/providers/Microsoft.Network/virtualNetworks/devOps-dev-vnet/subnets/devOps-dev-vnet-dbSubnet",
            "name": "devOps-dev-vnet-dbSubnet",
            "private_endpoint_network_policies_enabled": true,
            "private_link_service_network_policies_enabled": true,
            "resource_group_name": "devOps-dev-rg-xutxocip",
            "service_endpoint_policy_ids": null,
            "service_endpoints": null,
            "timeouts": null,
            "virtual_network_name": "devOps-dev-vnet"
          },
          "sensitive_attributes": [],
          "private": "eyJlMmJmYjczMC1lY2FhLTExZTYtOGY4OC0zNDM2M2JjN2M0YzAiOnsiY3JlYXRlIjoxODAwMDAwMDAwMDAwLCJkZWxldGUiOjE4MDAwMDAwMDAwMDAsInJlYWQiOjMwMDAwMDAwMDAwMCwidXBkYXRlIjoxODAwMDAwMDAwMDAwfX0=",
          "dependencies": [
            "azurerm_resource_group.rg",
            "azurerm_virtual_network.vnet",
            "random_string.myrandom"
          ]
        }
      ]
    },
    {
      "mode": "managed",
      "type": "azurerm_subnet",
      "name": "websubnet",
      "provider": "provider[\"registry.terraform.io/hashicorp/azurerm\"]",
      "instances": [
        {
          "schema_version": 0,
          "attributes": {
            "address_prefixes": [
              "10.1.1.0/24"
            ],
            "delegation": [],
            "enforce_private_link_endpoint_network_policies": false,
            "enforce_private_link_service_network_policies": false,
            "id": "/subscriptions/effb83b7-cd87-4360-b745-7eb4100647d0/resourceGroups/devOps-dev-rg-xutxocip/providers/Microsoft.Network/virtualNetworks/devOps-dev-vnet/subnets/devOps-dev-vnet-webSubnet",
            "name": "devOps-dev-vnet-webSubnet",
            "private_endpoint_network_policies_enabled": true,
            "private_link_service_network_policies_enabled": true,
            "resource_group_name": "devOps-dev-rg-xutxocip",
            "service_endpoint_policy_ids": null,
            "service_endpoints": null,
            "timeouts": null,
            "virtual_network_name": "devOps-dev-vnet"
          },
          "sensitive_attributes": [],
          "private": "eyJlMmJmYjczMC1lY2FhLTExZTYtOGY4OC0zNDM2M2JjN2M0YzAiOnsiY3JlYXRlIjoxODAwMDAwMDAwMDAwLCJkZWxldGUiOjE4MDAwMDAwMDAwMDAsInJlYWQiOjMwMDAwMDAwMDAwMCwidXBkYXRlIjoxODAwMDAwMDAwMDAwfX0=",
          "dependencies": [
            "azurerm_resource_group.rg",
            "azurerm_virtual_network.vnet",
            "random_string.myrandom"
          ]
        }
      ]
    },
    {
      "mode": "managed",
      "type": "azurerm_subnet_network_security_group_association",
      "name": "app_subnet_nsg_association",
      "provider": "provider[\"registry.terraform.io/hashicorp/azurerm\"]",
      "instances": [
        {
          "schema_version": 0,
          "attributes": {
            "id": "/subscriptions/effb83b7-cd87-4360-b745-7eb4100647d0/resourceGroups/devOps-dev-rg-xutxocip/providers/Microsoft.Network/virtualNetworks/devOps-dev-vnet/subnets/devOps-dev-vnet-appSubnet",
            "network_security_group_id": "/subscriptions/effb83b7-cd87-4360-b745-7eb4100647d0/resourceGroups/devOps-dev-rg-xutxocip/providers/Microsoft.Network/networkSecurityGroups/devOps-dev-vnet-appSubnet-nsg",
            "subnet_id": "/subscriptions/effb83b7-cd87-4360-b745-7eb4100647d0/resourceGroups/devOps-dev-rg-xutxocip/providers/Microsoft.Network/virtualNetworks/devOps-dev-vnet/subnets/devOps-dev-vnet-appSubnet",
            "timeouts": null
          },
          "sensitive_attributes": [],
          "private": "eyJlMmJmYjczMC1lY2FhLTExZTYtOGY4OC0zNDM2M2JjN2M0YzAiOnsiY3JlYXRlIjoxODAwMDAwMDAwMDAwLCJkZWxldGUiOjE4MDAwMDAwMDAwMDAsInJlYWQiOjMwMDAwMDAwMDAwMH19",
          "dependencies": [
            "azurerm_network_security_group.app_subnet_nsg",
            "azurerm_network_security_rule.app_nsg_rule_inbound",
            "azurerm_resource_group.rg",
            "azurerm_subnet.appsubnet",
            "azurerm_virtual_network.vnet",
            "random_string.myrandom"
          ]
        }
      ]
    },
    {
      "mode": "managed",
      "type": "azurerm_subnet_network_security_group_association",
      "name": "bastion_subnet_nsg_association",
      "provider": "provider[\"registry.terraform.io/hashicorp/azurerm\"]",
      "instances": [
        {
          "schema_version": 0,
          "attributes": {
            "id": "/subscriptions/effb83b7-cd87-4360-b745-7eb4100647d0/resourceGroups/devOps-dev-rg-xutxocip/providers/Microsoft.Network/virtualNetworks/devOps-dev-vnet/subnets/devOps-dev-vnet-bastionSubnet",
            "network_security_group_id": "/subscriptions/effb83b7-cd87-4360-b745-7eb4100647d0/resourceGroups/devOps-dev-rg-xutxocip/providers/Microsoft.Network/networkSecurityGroups/devOps-dev-vnet-bastionSubnet-nsg",
            "subnet_id": "/subscriptions/effb83b7-cd87-4360-b745-7eb4100647d0/resourceGroups/devOps-dev-rg-xutxocip/providers/Microsoft.Network/virtualNetworks/devOps-dev-vnet/subnets/devOps-dev-vnet-bastionSubnet",
            "timeouts": null
          },
          "sensitive_attributes": [],
          "private": "eyJlMmJmYjczMC1lY2FhLTExZTYtOGY4OC0zNDM2M2JjN2M0YzAiOnsiY3JlYXRlIjoxODAwMDAwMDAwMDAwLCJkZWxldGUiOjE4MDAwMDAwMDAwMDAsInJlYWQiOjMwMDAwMDAwMDAwMH19",
          "dependencies": [
            "azurerm_network_security_group.bastion_subnet_nsg",
            "azurerm_network_security_rule.bastion_nsg_rule_inbound",
            "azurerm_resource_group.rg",
            "azurerm_subnet.bastionsubnet",
            "azurerm_virtual_network.vnet",
            "random_string.myrandom"
          ]
        }
      ]
    },
    {
      "mode": "managed",
      "type": "azurerm_subnet_network_security_group_association",
      "name": "db_subnet_nsg_association",
      "provider": "provider[\"registry.terraform.io/hashicorp/azurerm\"]",
      "instances": [
        {
          "schema_version": 0,
          "attributes": {
            "id": "/subscriptions/effb83b7-cd87-4360-b745-7eb4100647d0/resourceGroups/devOps-dev-rg-xutxocip/providers/Microsoft.Network/virtualNetworks/devOps-dev-vnet/subnets/devOps-dev-vnet-dbSubnet",
            "network_security_group_id": "/subscriptions/effb83b7-cd87-4360-b745-7eb4100647d0/resourceGroups/devOps-dev-rg-xutxocip/providers/Microsoft.Network/networkSecurityGroups/devOps-dev-vnet-dbSubnet-nsg",
            "subnet_id": "/subscriptions/effb83b7-cd87-4360-b745-7eb4100647d0/resourceGroups/devOps-dev-rg-xutxocip/providers/Microsoft.Network/virtualNetworks/devOps-dev-vnet/subnets/devOps-dev-vnet-dbSubnet",
            "timeouts": null
          },
          "sensitive_attributes": [],
          "private": "eyJlMmJmYjczMC1lY2FhLTExZTYtOGY4OC0zNDM2M2JjN2M0YzAiOnsiY3JlYXRlIjoxODAwMDAwMDAwMDAwLCJkZWxldGUiOjE4MDAwMDAwMDAwMDAsInJlYWQiOjMwMDAwMDAwMDAwMH19",
          "dependencies": [
            "azurerm_network_security_group.db_subnet_nsg",
            "azurerm_network_security_rule.db_nsg_rule_inbound",
            "azurerm_resource_group.rg",
            "azurerm_subnet.dbsubnet",
            "azurerm_virtual_network.vnet",
            "random_string.myrandom"
          ]
        }
      ]
    },
    {
      "mode": "managed",
      "type": "azurerm_subnet_network_security_group_association",
      "name": "web_subnet_nsg_association",
      "provider": "provider[\"registry.terraform.io/hashicorp/azurerm\"]",
      "instances": [
        {
          "schema_version": 0,
          "attributes": {
            "id": "/subscriptions/effb83b7-cd87-4360-b745-7eb4100647d0/resourceGroups/devOps-dev-rg-xutxocip/providers/Microsoft.Network/virtualNetworks/devOps-dev-vnet/subnets/devOps-dev-vnet-webSubnet",
            "network_security_group_id": "/subscriptions/effb83b7-cd87-4360-b745-7eb4100647d0/resourceGroups/devOps-dev-rg-xutxocip/providers/Microsoft.Network/networkSecurityGroups/devOps-dev-vnet-webSubnet-nsg",
            "subnet_id": "/subscriptions/effb83b7-cd87-4360-b745-7eb4100647d0/resourceGroups/devOps-dev-rg-xutxocip/providers/Microsoft.Network/virtualNetworks/devOps-dev-vnet/subnets/devOps-dev-vnet-webSubnet",
            "timeouts": null
          },
          "sensitive_attributes": [],
          "private": "eyJlMmJmYjczMC1lY2FhLTExZTYtOGY4OC0zNDM2M2JjN2M0YzAiOnsiY3JlYXRlIjoxODAwMDAwMDAwMDAwLCJkZWxldGUiOjE4MDAwMDAwMDAwMDAsInJlYWQiOjMwMDAwMDAwMDAwMH19",
          "dependencies": [
            "azurerm_network_security_group.web_subnet_nsg",
            "azurerm_network_security_rule.web_nsg_rule_inbound",
            "azurerm_resource_group.rg",
            "azurerm_subnet.websubnet",
            "azurerm_virtual_network.vnet",
            "random_string.myrandom"
          ]
        }
      ]
    },
    {
      "mode": "managed",
      "type": "azurerm_virtual_network",
      "name": "vnet",
      "provider": "provider[\"registry.terraform.io/hashicorp/azurerm\"]",
      "instances": [
        {
          "schema_version": 0,
          "attributes": {
            "address_space": [
              "10.1.0.0/16"
            ],
            "bgp_community": "",
            "ddos_protection_plan": [],
            "dns_servers": [],
            "edge_zone": "",
            "encryption": [],
            "flow_timeout_in_minutes": 0,
            "guid": "25bb9850-be54-44c3-bad3-73b3ce086eed",
            "id": "/subscriptions/effb83b7-cd87-4360-b745-7eb4100647d0/resourceGroups/devOps-dev-rg-xutxocip/providers/Microsoft.Network/virtualNetworks/devOps-dev-vnet",
            "location": "centralindia",
            "name": "devOps-dev-vnet",
            "resource_group_name": "devOps-dev-rg-xutxocip",
            "subnet": [],
            "tags": {
              "Environment": "dev",
              "Owner": "devOps"
            },
            "timeouts": null
          },
          "sensitive_attributes": [],
          "private": "eyJlMmJmYjczMC1lY2FhLTExZTYtOGY4OC0zNDM2M2JjN2M0YzAiOnsiY3JlYXRlIjoxODAwMDAwMDAwMDAwLCJkZWxldGUiOjE4MDAwMDAwMDAwMDAsInJlYWQiOjMwMDAwMDAwMDAwMCwidXBkYXRlIjoxODAwMDAwMDAwMDAwfX0=",
          "dependencies": [
            "azurerm_resource_group.rg",
            "random_string.myrandom"
          ]
        }
      ]
    },
    {
      "mode": "managed",
      "type": "random_string",
      "name": "myrandom",
      "provider": "provider[\"registry.terraform.io/hashicorp/random\"]",
      "instances": [
        {
          "schema_version": 2,
          "attributes": {
            "id": "xutxocip",
            "keepers": null,
            "length": 8,
            "lower": true,
            "min_lower": 0,
            "min_numeric": 0,
            "min_special": 0,
            "min_upper": 0,
            "number": false,
            "numeric": false,
            "override_special": null,
            "result": "xutxocip",
            "special": false,
            "upper": false
          },
          "sensitive_attributes": []
        }
      ]
    }
  ],
  "check_results": null
}
